// !$*UTF8*$!
{
	archiveVersion = 1;
	classes = {
	};
	objectVersion = 46;
	objects = {

/* Begin PBXBuildFile section */
		25A337461F4B1A8A0052B46F /* GLUT.framework in Frameworks */ = {isa = PBXBuildFile; fileRef = 25A337441F4B1A8A0052B46F /* GLUT.framework */; };
		25A337471F4B1A8A0052B46F /* OpenGL.framework in Frameworks */ = {isa = PBXBuildFile; fileRef = 25A337451F4B1A8A0052B46F /* OpenGL.framework */; };
		25A337531F4B1AD10052B46F /* CControl.cpp in Sources */ = {isa = PBXBuildFile; fileRef = 25A337481F4B1AD10052B46F /* CControl.cpp */; };
		25A337541F4B1AD10052B46F /* CDisplay.cpp in Sources */ = {isa = PBXBuildFile; fileRef = 25A337491F4B1AD10052B46F /* CDisplay.cpp */; };
		25A337551F4B1AD10052B46F /* CGrid.cpp in Sources */ = {isa = PBXBuildFile; fileRef = 25A3374A1F4B1AD10052B46F /* CGrid.cpp */; };
		25A337561F4B1AD10052B46F /* CPlanet.cpp in Sources */ = {isa = PBXBuildFile; fileRef = 25A3374B1F4B1AD10052B46F /* CPlanet.cpp */; };
		25A337571F4B1AD10052B46F /* CSI2.cpp in Sources */ = {isa = PBXBuildFile; fileRef = 25A3374C1F4B1AD10052B46F /* CSI2.cpp */; };
		25A337581F4B1AD10052B46F /* CSI4.cpp in Sources */ = {isa = PBXBuildFile; fileRef = 25A3374D1F4B1AD10052B46F /* CSI4.cpp */; };
		25A337591F4B1AD10052B46F /* CSI6.cpp in Sources */ = {isa = PBXBuildFile; fileRef = 25A3374E1F4B1AD10052B46F /* CSI6.cpp */; };
		25A3375A1F4B1AD10052B46F /* CSolar.cpp in Sources */ = {isa = PBXBuildFile; fileRef = 25A3374F1F4B1AD10052B46F /* CSolar.cpp */; };
		25A3375B1F4B1AD10052B46F /* GAVLAB.cpp in Sources */ = {isa = PBXBuildFile; fileRef = 25A337501F4B1AD10052B46F /* GAVLAB.cpp */; };
/* End PBXBuildFile section */

/* Begin PBXCopyFilesBuildPhase section */
		25A337381F4B1A260052B46F /* CopyFiles */ = {
			isa = PBXCopyFilesBuildPhase;
			buildActionMask = 2147483647;
			dstPath = /usr/share/man/man1/;
			dstSubfolderSpec = 0;
			files = (
			);
			runOnlyForDeploymentPostprocessing = 1;
		};
/* End PBXCopyFilesBuildPhase section */

/* Begin PBXFileReference section */
		25A3373A1F4B1A260052B46F /* GAVLAB® */ = {isa = PBXFileReference; explicitFileType = "compiled.mach-o.executable"; includeInIndex = 0; path = "GAVLAB®"; sourceTree = BUILT_PRODUCTS_DIR; };
		25A337441F4B1A8A0052B46F /* GLUT.framework */ = {isa = PBXFileReference; lastKnownFileType = wrapper.framework; name = GLUT.framework; path = ../../../../System/Library/Frameworks/GLUT.framework; sourceTree = "<group>"; };
		25A337451F4B1A8A0052B46F /* OpenGL.framework */ = {isa = PBXFileReference; lastKnownFileType = wrapper.framework; name = OpenGL.framework; path = ../../../../System/Library/Frameworks/OpenGL.framework; sourceTree = "<group>"; };
		25A337481F4B1AD10052B46F /* CControl.cpp */ = {isa = PBXFileReference; fileEncoding = 4; lastKnownFileType = sourcecode.cpp.cpp; path = CControl.cpp; sourceTree = "<group>"; };
		25A337491F4B1AD10052B46F /* CDisplay.cpp */ = {isa = PBXFileReference; fileEncoding = 4; lastKnownFileType = sourcecode.cpp.cpp; path = CDisplay.cpp; sourceTree = "<group>"; };
		25A3374A1F4B1AD10052B46F /* CGrid.cpp */ = {isa = PBXFileReference; fileEncoding = 4; lastKnownFileType = sourcecode.cpp.cpp; path = CGrid.cpp; sourceTree = "<group>"; };
		25A3374B1F4B1AD10052B46F /* CPlanet.cpp */ = {isa = PBXFileReference; fileEncoding = 4; lastKnownFileType = sourcecode.cpp.cpp; path = CPlanet.cpp; sourceTree = "<group>"; };
		25A3374C1F4B1AD10052B46F /* CSI2.cpp */ = {isa = PBXFileReference; fileEncoding = 4; lastKnownFileType = sourcecode.cpp.cpp; path = CSI2.cpp; sourceTree = "<group>"; };
		25A3374D1F4B1AD10052B46F /* CSI4.cpp */ = {isa = PBXFileReference; fileEncoding = 4; lastKnownFileType = sourcecode.cpp.cpp; path = CSI4.cpp; sourceTree = "<group>"; };
		25A3374E1F4B1AD10052B46F /* CSI6.cpp */ = {isa = PBXFileReference; fileEncoding = 4; lastKnownFileType = sourcecode.cpp.cpp; path = CSI6.cpp; sourceTree = "<group>"; };
		25A3374F1F4B1AD10052B46F /* CSolar.cpp */ = {isa = PBXFileReference; fileEncoding = 4; lastKnownFileType = sourcecode.cpp.cpp; path = CSolar.cpp; sourceTree = "<group>"; };
		25A337501F4B1AD10052B46F /* GAVLAB.cpp */ = {isa = PBXFileReference; fileEncoding = 4; lastKnownFileType = sourcecode.cpp.cpp; path = GAVLAB.cpp; sourceTree = "<group>"; };
		25A337511F4B1AD10052B46F /* Header.h */ = {isa = PBXFileReference; fileEncoding = 4; lastKnownFileType = sourcecode.c.h; path = Header.h; sourceTree = "<group>"; };
		25A337521F4B1AD10052B46F /* Vector.h */ = {isa = PBXFileReference; fileEncoding = 4; lastKnownFileType = sourcecode.c.h; path = Vector.h; sourceTree = "<group>"; };
/* End PBXFileReference section */

/* Begin PBXFrameworksBuildPhase section */
		25A337371F4B1A260052B46F /* Frameworks */ = {
			isa = PBXFrameworksBuildPhase;
			buildActionMask = 2147483647;
			files = (
				25A337461F4B1A8A0052B46F /* GLUT.framework in Frameworks */,
				25A337471F4B1A8A0052B46F /* OpenGL.framework in Frameworks */,
			);
			runOnlyForDeploymentPostprocessing = 0;
		};
/* End PBXFrameworksBuildPhase section */

/* Begin PBXGroup section */
		25A337311F4B1A260052B46F = {
			isa = PBXGroup;
			children = (
				25A337441F4B1A8A0052B46F /* GLUT.framework */,
				25A337451F4B1A8A0052B46F /* OpenGL.framework */,
				25A3373C1F4B1A260052B46F /* GAVLAB® */,
				25A3373B1F4B1A260052B46F /* Products */,
			);
			sourceTree = "<group>";
		};
		25A3373B1F4B1A260052B46F /* Products */ = {
			isa = PBXGroup;
			children = (
				25A3373A1F4B1A260052B46F /* GAVLAB® */,
			);
			name = Products;
			sourceTree = "<group>";
		};
		25A3373C1F4B1A260052B46F /* GAVLAB® */ = {
			isa = PBXGroup;
			children = (
				25A337481F4B1AD10052B46F /* CControl.cpp */,
				25A337491F4B1AD10052B46F /* CDisplay.cpp */,
				25A3374A1F4B1AD10052B46F /* CGrid.cpp */,
				25A3374B1F4B1AD10052B46F /* CPlanet.cpp */,
				25A3374C1F4B1AD10052B46F /* CSI2.cpp */,
				25A3374D1F4B1AD10052B46F /* CSI4.cpp */,
				25A3374E1F4B1AD10052B46F /* CSI6.cpp */,
				25A3374F1F4B1AD10052B46F /* CSolar.cpp */,
				25A337501F4B1AD10052B46F /* GAVLAB.cpp */,
				25A337511F4B1AD10052B46F /* Header.h */,
				25A337521F4B1AD10052B46F /* Vector.h */,
			);
			path = "GAVLAB®";
			sourceTree = "<group>";
		};
/* End PBXGroup section */

/* Begin PBXNativeTarget section */
		25A337391F4B1A260052B46F /* GAVLAB® */ = {
			isa = PBXNativeTarget;
			buildConfigurationList = 25A337411F4B1A260052B46F /* Build configuration list for PBXNativeTarget "GAVLAB®" */;
			buildPhases = (
				25A337361F4B1A260052B46F /* Sources */,
				25A337371F4B1A260052B46F /* Frameworks */,
				25A337381F4B1A260052B46F /* CopyFiles */,
			);
			buildRules = (
			);
			dependencies = (
			);
			name = "GAVLAB®";
			productName = "GAVLAB®";
			productReference = 25A3373A1F4B1A260052B46F /* GAVLAB® */;
			productType = "com.apple.product-type.tool";
		};
/* End PBXNativeTarget section */

/* Begin PBXProject section */
		25A337321F4B1A260052B46F /* Project object */ = {
			isa = PBXProject;
			attributes = {
				LastUpgradeCheck = 0830;
				ORGANIZATIONNAME = bbb;
				TargetAttributes = {
					25A337391F4B1A260052B46F = {
						CreatedOnToolsVersion = 8.3.3;
						DevelopmentTeam = CA2JAVK4MY;
						ProvisioningStyle = Automatic;
					};
				};
			};
			buildConfigurationList = 25A337351F4B1A260052B46F /* Build configuration list for PBXProject "GAVLAB®" */;
			compatibilityVersion = "Xcode 3.2";
			developmentRegion = English;
			hasScannedForEncodings = 0;
			knownRegions = (
				en,
			);
			mainGroup = 25A337311F4B1A260052B46F;
			productRefGroup = 25A3373B1F4B1A260052B46F /* Products */;
			projectDirPath = "";
			projectRoot = "";
			targets = (
				25A337391F4B1A260052B46F /* GAVLAB® */,
			);
		};
/* End PBXProject section */

/* Begin PBXSourcesBuildPhase section */
		25A337361F4B1A260052B46F /* Sources */ = {
			isa = PBXSourcesBuildPhase;
			buildActionMask = 2147483647;
			files = (
				25A337581F4B1AD10052B46F /* CSI4.cpp in Sources */,
				25A337541F4B1AD10052B46F /* CDisplay.cpp in Sources */,
				25A337531F4B1AD10052B46F /* CControl.cpp in Sources */,
				25A337591F4B1AD10052B46F /* CSI6.cpp in Sources */,
				25A3375B1F4B1AD10052B46F /* GAVLAB.cpp in Sources */,
				25A337551F4B1AD10052B46F /* CGrid.cpp in Sources */,
				25A337561F4B1AD10052B46F /* CPlanet.cpp in Sources */,
				25A337571F4B1AD10052B46F /* CSI2.cpp in Sources */,
				25A3375A1F4B1AD10052B46F /* CSolar.cpp in Sources */,
			);
			runOnlyForDeploymentPostprocessing = 0;
		};
/* End PBXSourcesBuildPhase section */

/* Begin XCBuildConfiguration section */
		25A3373F1F4B1A260052B46F /* Debug */ = {
			isa = XCBuildConfiguration;
			buildSettings = {
				ALWAYS_SEARCH_USER_PATHS = NO;
				CLANG_ANALYZER_NONNULL = YES;
				CLANG_ANALYZER_NUMBER_OBJECT_CONVERSION = YES_AGGRESSIVE;
				CLANG_CXX_LANGUAGE_STANDARD = "gnu++0x";
				CLANG_CXX_LIBRARY = "libc++";
				CLANG_ENABLE_MODULES = YES;
				CLANG_ENABLE_OBJC_ARC = YES;
				CLANG_WARN_BOOL_CONVERSION = YES;
				CLANG_WARN_CONSTANT_CONVERSION = YES;
				CLANG_WARN_DIRECT_OBJC_ISA_USAGE = YES_ERROR;
				CLANG_WARN_DOCUMENTATION_COMMENTS = YES;
				CLANG_WARN_EMPTY_BODY = YES;
				CLANG_WARN_ENUM_CONVERSION = YES;
				CLANG_WARN_INFINITE_RECURSION = YES;
				CLANG_WARN_INT_CONVERSION = YES;
				CLANG_WARN_OBJC_ROOT_CLASS = YES_ERROR;
				CLANG_WARN_SUSPICIOUS_MOVE = YES;
				CLANG_WARN_UNREACHABLE_CODE = YES;
				CLANG_WARN__DUPLICATE_METHOD_MATCH = YES;
				CODE_SIGN_IDENTITY = "-";
				COPY_PHASE_STRIP = NO;
				DEBUG_INFORMATION_FORMAT = dwarf;
				ENABLE_STRICT_OBJC_MSGSEND = YES;
				ENABLE_TESTABILITY = YES;
				GCC_C_LANGUAGE_STANDARD = gnu99;
				GCC_DYNAMIC_NO_PIC = NO;
				GCC_NO_COMMON_BLOCKS = YES;
				GCC_OPTIMIZATION_LEVEL = 0;
				GCC_PREPROCESSOR_DEFINITIONS = (
					"DEBUG=1",
					"$(inherited)",
				);
				GCC_WARN_64_TO_32_BIT_CONVERSION = YES;
				GCC_WARN_ABOUT_RETURN_TYPE = YES_ERROR;
				GCC_WARN_UNDECLARED_SELECTOR = YES;
				GCC_WARN_UNINITIALIZED_AUTOS = YES_AGGRESSIVE;
				GCC_WARN_UNUSED_FUNCTION = YES;
				GCC_WARN_UNUSED_VARIABLE = YES;
				MACOSX_DEPLOYMENT_TARGET = 10.12;
				MTL_ENABLE_DEBUG_INFO = YES;
				ONLY_ACTIVE_ARCH = YES;
				SDKROOT = macosx;
			};
			name = Debug;
		};
		25A337401F4B1A260052B46F /* Release */ = {
			isa = XCBuildConfiguration;
			buildSettings = {
				ALWAYS_SEARCH_USER_PATHS = NO;
				CLANG_ANALYZER_NONNULL = YES;
				CLANG_ANALYZER_NUMBER_OBJECT_CONVERSION = YES_AGGRESSIVE;
				CLANG_CXX_LANGUAGE_STANDARD = "gnu++0x";
				CLANG_CXX_LIBRARY = "libc++";
				CLANG_ENABLE_MODULES = YES;
				CLANG_ENABLE_OBJC_ARC = YES;
				CLANG_WARN_BOOL_CONVERSION = YES;
				CLANG_WARN_CONSTANT_CONVERSION = YES;
				CLANG_WARN_DIRECT_OBJC_ISA_USAGE = YES_ERROR;
				CLANG_WARN_DOCUMENTATION_COMMENTS = YES;
				CLANG_WARN_EMPTY_BODY = YES;
				CLANG_WARN_ENUM_CONVERSION = YES;
				CLANG_WARN_INFINITE_RECURSION = YES;
				CLANG_WARN_INT_CONVERSION = YES;
				CLANG_WARN_OBJC_ROOT_CLASS = YES_ERROR;
				CLANG_WARN_SUSPICIOUS_MOVE = YES;
				CLANG_WARN_UNREACHABLE_CODE = YES;
				CLANG_WARN__DUPLICATE_METHOD_MATCH = YES;
				CODE_SIGN_IDENTITY = "-";
				COPY_PHASE_STRIP = NO;
				DEBUG_INFORMATION_FORMAT = "dwarf-with-dsym";
				ENABLE_NS_ASSERTIONS = NO;
				ENABLE_STRICT_OBJC_MSGSEND = YES;
				GCC_C_LANGUAGE_STANDARD = gnu99;
				GCC_NO_COMMON_BLOCKS = YES;
				GCC_WARN_64_TO_32_BIT_CONVERSION = YES;
				GCC_WARN_ABOUT_RETURN_TYPE = YES_ERROR;
				GCC_WARN_UNDECLARED_SELECTOR = YES;
				GCC_WARN_UNINITIALIZED_AUTOS = YES_AGGRESSIVE;
				GCC_WARN_UNUSED_FUNCTION = YES;
				GCC_WARN_UNUSED_VARIABLE = YES;
				MACOSX_DEPLOYMENT_TARGET = 10.12;
				MTL_ENABLE_DEBUG_INFO = NO;
				SDKROOT = macosx;
			};
			name = Release;
		};
		25A337421F4B1A260052B46F /* Debug */ = {
			isa = XCBuildConfiguration;
			buildSettings = {
				DEVELOPMENT_TEAM = CA2JAVK4MY;
				PRODUCT_NAME = "$(TARGET_NAME)";
			};
			name = Debug;
		};
		25A337431F4B1A260052B46F /* Release */ = {
			isa = XCBuildConfiguration;
			buildSettings = {
				DEVELOPMENT_TEAM = CA2JAVK4MY;
				PRODUCT_NAME = "$(TARGET_NAME)";
			};
			name = Release;
		};
/* End XCBuildConfiguration section */

/* Begin XCConfigurationList section */
		25A337351F4B1A260052B46F /* Build configuration list for PBXProject "GAVLAB®" */ = {
			isa = XCConfigurationList;
			buildConfigurations = (
				25A3373F1F4B1A260052B46F /* Debug */,
				25A337401F4B1A260052B46F /* Release */,
			);
			defaultConfigurationIsVisible = 0;
			defaultConfigurationName = Release;
		};
		25A337411F4B1A260052B46F /* Build configuration list for PBXNativeTarget "GAVLAB®" */ = {
			isa = XCConfigurationList;
			buildConfigurations = (
				25A337421F4B1A260052B46F /* Debug */,
				25A337431F4B1A260052B46F /* Release */,
			);
			defaultConfigurationIsVisible = 0;
		};
/* End XCConfigurationList section */
	};
	rootObject = 25A337321F4B1A260052B46F /* Project object */;
}
